// !$*UTF8*$!
{
	archiveVersion = 1;
	classes = {
	};
	objectVersion = 46;
	objects = {

/* Begin PBXBuildFile section */
		4253CD8016DA880C00935B2A /* WWScrollView.m in Sources */ = {isa = PBXBuildFile; fileRef = 4253CD7F16DA880C00935B2A /* WWScrollView.m */; };
		428A875416D94FD9008377F3 /* UIKit.framework in Frameworks */ = {isa = PBXBuildFile; fileRef = 428A875316D94FD9008377F3 /* UIKit.framework */; };
		428A875616D94FD9008377F3 /* Foundation.framework in Frameworks */ = {isa = PBXBuildFile; fileRef = 428A875516D94FD9008377F3 /* Foundation.framework */; };
		428A875816D94FD9008377F3 /* CoreGraphics.framework in Frameworks */ = {isa = PBXBuildFile; fileRef = 428A875716D94FD9008377F3 /* CoreGraphics.framework */; };
		428A875E16D94FD9008377F3 /* InfoPlist.strings in Resources */ = {isa = PBXBuildFile; fileRef = 428A875C16D94FD9008377F3 /* InfoPlist.strings */; };
		428A876016D94FD9008377F3 /* main.m in Sources */ = {isa = PBXBuildFile; fileRef = 428A875F16D94FD9008377F3 /* main.m */; };
		428A876416D94FD9008377F3 /* WWAppDelegate.m in Sources */ = {isa = PBXBuildFile; fileRef = 428A876316D94FD9008377F3 /* WWAppDelegate.m */; };
		428A876616D94FDA008377F3 /* Default.png in Resources */ = {isa = PBXBuildFile; fileRef = 428A876516D94FDA008377F3 /* Default.png */; };
		428A876816D94FDA008377F3 /* Default@2x.png in Resources */ = {isa = PBXBuildFile; fileRef = 428A876716D94FDA008377F3 /* Default@2x.png */; };
		428A876A16D94FDA008377F3 /* Default-568h@2x.png in Resources */ = {isa = PBXBuildFile; fileRef = 428A876916D94FDA008377F3 /* Default-568h@2x.png */; };
		428A876D16D94FDA008377F3 /* WWViewController.m in Sources */ = {isa = PBXBuildFile; fileRef = 428A876C16D94FDA008377F3 /* WWViewController.m */; };
		428A877016D94FDA008377F3 /* WWViewController_iPhone.xib in Resources */ = {isa = PBXBuildFile; fileRef = 428A876E16D94FDA008377F3 /* WWViewController_iPhone.xib */; };
		428A877316D94FDA008377F3 /* WWViewController_iPad.xib in Resources */ = {isa = PBXBuildFile; fileRef = 428A877116D94FDA008377F3 /* WWViewController_iPad.xib */; };
		428A877D16D95194008377F3 /* 1.jpg in Resources */ = {isa = PBXBuildFile; fileRef = 428A877A16D95194008377F3 /* 1.jpg */; };
		428A877E16D95194008377F3 /* 2.jpg in Resources */ = {isa = PBXBuildFile; fileRef = 428A877B16D95194008377F3 /* 2.jpg */; };
		428A877F16D95194008377F3 /* 3.jpg in Resources */ = {isa = PBXBuildFile; fileRef = 428A877C16D95194008377F3 /* 3.jpg */; };
		428A878316D952BB008377F3 /* WWSwipeViewController.m in Sources */ = {isa = PBXBuildFile; fileRef = 428A878116D952BB008377F3 /* WWSwipeViewController.m */; };
		428A878616D97391008377F3 /* QuartzCore.framework in Frameworks */ = {isa = PBXBuildFile; fileRef = 428A878516D97391008377F3 /* QuartzCore.framework */; };
/* End PBXBuildFile section */

/* Begin PBXFileReference section */
		4253CD7E16DA880C00935B2A /* WWScrollView.h */ = {isa = PBXFileReference; fileEncoding = 4; lastKnownFileType = sourcecode.c.h; path = WWScrollView.h; sourceTree = "<group>"; };
		4253CD7F16DA880C00935B2A /* WWScrollView.m */ = {isa = PBXFileReference; fileEncoding = 4; lastKnownFileType = sourcecode.c.objc; path = WWScrollView.m; sourceTree = "<group>"; };
		428A875016D94FD9008377F3 /* WeeSwipeView.app */ = {isa = PBXFileReference; explicitFileType = wrapper.application; includeInIndex = 0; path = WeeSwipeView.app; sourceTree = BUILT_PRODUCTS_DIR; };
		428A875316D94FD9008377F3 /* UIKit.framework */ = {isa = PBXFileReference; lastKnownFileType = wrapper.framework; name = UIKit.framework; path = System/Library/Frameworks/UIKit.framework; sourceTree = SDKROOT; };
		428A875516D94FD9008377F3 /* Foundation.framework */ = {isa = PBXFileReference; lastKnownFileType = wrapper.framework; name = Foundation.framework; path = System/Library/Frameworks/Foundation.framework; sourceTree = SDKROOT; };
		428A875716D94FD9008377F3 /* CoreGraphics.framework */ = {isa = PBXFileReference; lastKnownFileType = wrapper.framework; name = CoreGraphics.framework; path = System/Library/Frameworks/CoreGraphics.framework; sourceTree = SDKROOT; };
		428A875B16D94FD9008377F3 /* WeeSwipeView-Info.plist */ = {isa = PBXFileReference; lastKnownFileType = text.plist.xml; path = "WeeSwipeView-Info.plist"; sourceTree = "<group>"; };
		428A875D16D94FD9008377F3 /* en */ = {isa = PBXFileReference; lastKnownFileType = text.plist.strings; name = en; path = en.lproj/InfoPlist.strings; sourceTree = "<group>"; };
		428A875F16D94FD9008377F3 /* main.m */ = {isa = PBXFileReference; lastKnownFileType = sourcecode.c.objc; path = main.m; sourceTree = "<group>"; };
		428A876116D94FD9008377F3 /* WeeSwipeView-Prefix.pch */ = {isa = PBXFileReference; lastKnownFileType = sourcecode.c.h; path = "WeeSwipeView-Prefix.pch"; sourceTree = "<group>"; };
		428A876216D94FD9008377F3 /* WWAppDelegate.h */ = {isa = PBXFileReference; lastKnownFileType = sourcecode.c.h; path = WWAppDelegate.h; sourceTree = "<group>"; };
		428A876316D94FD9008377F3 /* WWAppDelegate.m */ = {isa = PBXFileReference; lastKnownFileType = sourcecode.c.objc; path = WWAppDelegate.m; sourceTree = "<group>"; };
		428A876516D94FDA008377F3 /* Default.png */ = {isa = PBXFileReference; lastKnownFileType = image.png; path = Default.png; sourceTree = "<group>"; };
		428A876716D94FDA008377F3 /* Default@2x.png */ = {isa = PBXFileReference; lastKnownFileType = image.png; path = "Default@2x.png"; sourceTree = "<group>"; };
		428A876916D94FDA008377F3 /* Default-568h@2x.png */ = {isa = PBXFileReference; lastKnownFileType = image.png; path = "Default-568h@2x.png"; sourceTree = "<group>"; };
		428A876B16D94FDA008377F3 /* WWViewController.h */ = {isa = PBXFileReference; lastKnownFileType = sourcecode.c.h; path = WWViewController.h; sourceTree = "<group>"; };
		428A876C16D94FDA008377F3 /* WWViewController.m */ = {isa = PBXFileReference; lastKnownFileType = sourcecode.c.objc; path = WWViewController.m; sourceTree = "<group>"; };
		428A876F16D94FDA008377F3 /* en */ = {isa = PBXFileReference; lastKnownFileType = file.xib; name = en; path = en.lproj/WWViewController_iPhone.xib; sourceTree = "<group>"; };
		428A877216D94FDA008377F3 /* en */ = {isa = PBXFileReference; lastKnownFileType = file.xib; name = en; path = en.lproj/WWViewController_iPad.xib; sourceTree = "<group>"; };
		428A877A16D95194008377F3 /* 1.jpg */ = {isa = PBXFileReference; lastKnownFileType = image.jpeg; name = 1.jpg; path = WeeSwipeView/Resources/1.jpg; sourceTree = "<group>"; };
		428A877B16D95194008377F3 /* 2.jpg */ = {isa = PBXFileReference; lastKnownFileType = image.jpeg; name = 2.jpg; path = WeeSwipeView/Resources/2.jpg; sourceTree = "<group>"; };
		428A877C16D95194008377F3 /* 3.jpg */ = {isa = PBXFileReference; lastKnownFileType = image.jpeg; name = 3.jpg; path = WeeSwipeView/Resources/3.jpg; sourceTree = "<group>"; };
		428A878016D952BB008377F3 /* WWSwipeViewController.h */ = {isa = PBXFileReference; fileEncoding = 4; lastKnownFileType = sourcecode.c.h; path = WWSwipeViewController.h; sourceTree = "<group>"; };
		428A878116D952BB008377F3 /* WWSwipeViewController.m */ = {isa = PBXFileReference; fileEncoding = 4; lastKnownFileType = sourcecode.c.objc; path = WWSwipeViewController.m; sourceTree = "<group>"; };
		428A878516D97391008377F3 /* QuartzCore.framework */ = {isa = PBXFileReference; lastKnownFileType = wrapper.framework; name = QuartzCore.framework; path = System/Library/Frameworks/QuartzCore.framework; sourceTree = SDKROOT; };
/* End PBXFileReference section */

/* Begin PBXFrameworksBuildPhase section */
		428A874D16D94FD9008377F3 /* Frameworks */ = {
			isa = PBXFrameworksBuildPhase;
			buildActionMask = 2147483647;
			files = (
				428A878616D97391008377F3 /* QuartzCore.framework in Frameworks */,
				428A875416D94FD9008377F3 /* UIKit.framework in Frameworks */,
				428A875616D94FD9008377F3 /* Foundation.framework in Frameworks */,
				428A875816D94FD9008377F3 /* CoreGraphics.framework in Frameworks */,
			);
			runOnlyForDeploymentPostprocessing = 0;
		};
/* End PBXFrameworksBuildPhase section */

/* Begin PBXGroup section */
		428A874716D94FD9008377F3 = {
			isa = PBXGroup;
			children = (
				428A878516D97391008377F3 /* QuartzCore.framework */,
				428A875916D94FD9008377F3 /* WeeSwipeView */,
				428A875216D94FD9008377F3 /* Frameworks */,
				428A875116D94FD9008377F3 /* Products */,
			);
			sourceTree = "<group>";
		};
		428A875116D94FD9008377F3 /* Products */ = {
			isa = PBXGroup;
			children = (
				428A875016D94FD9008377F3 /* WeeSwipeView.app */,
			);
			name = Products;
			sourceTree = "<group>";
		};
		428A875216D94FD9008377F3 /* Frameworks */ = {
			isa = PBXGroup;
			children = (
				428A875316D94FD9008377F3 /* UIKit.framework */,
				428A875516D94FD9008377F3 /* Foundation.framework */,
				428A875716D94FD9008377F3 /* CoreGraphics.framework */,
			);
			name = Frameworks;
			sourceTree = "<group>";
		};
		428A875916D94FD9008377F3 /* WeeSwipeView */ = {
			isa = PBXGroup;
			children = (
				428A877916D9508C008377F3 /* Resources */,
				428A876216D94FD9008377F3 /* WWAppDelegate.h */,
				428A876316D94FD9008377F3 /* WWAppDelegate.m */,
				428A876B16D94FDA008377F3 /* WWViewController.h */,
				428A876C16D94FDA008377F3 /* WWViewController.m */,
				428A876E16D94FDA008377F3 /* WWViewController_iPhone.xib */,
				428A877116D94FDA008377F3 /* WWViewController_iPad.xib */,
				428A875A16D94FD9008377F3 /* Supporting Files */,
				428A878016D952BB008377F3 /* WWSwipeViewController.h */,
				428A878116D952BB008377F3 /* WWSwipeViewController.m */,
				4253CD7E16DA880C00935B2A /* WWScrollView.h */,
				4253CD7F16DA880C00935B2A /* WWScrollView.m */,
			);
			path = WeeSwipeView;
			sourceTree = "<group>";
		};
		428A875A16D94FD9008377F3 /* Supporting Files */ = {
			isa = PBXGroup;
			children = (
				428A875B16D94FD9008377F3 /* WeeSwipeView-Info.plist */,
				428A875C16D94FD9008377F3 /* InfoPlist.strings */,
				428A875F16D94FD9008377F3 /* main.m */,
				428A876116D94FD9008377F3 /* WeeSwipeView-Prefix.pch */,
				428A876516D94FDA008377F3 /* Default.png */,
				428A876716D94FDA008377F3 /* Default@2x.png */,
				428A876916D94FDA008377F3 /* Default-568h@2x.png */,
			);
			name = "Supporting Files";
			sourceTree = "<group>";
		};
		428A877916D9508C008377F3 /* Resources */ = {
			isa = PBXGroup;
			children = (
				428A877A16D95194008377F3 /* 1.jpg */,
				428A877B16D95194008377F3 /* 2.jpg */,
				428A877C16D95194008377F3 /* 3.jpg */,
			);
			name = Resources;
			path = ..;
			sourceTree = "<group>";
		};
/* End PBXGroup section */

/* Begin PBXNativeTarget section */
		428A874F16D94FD9008377F3 /* WeeSwipeView */ = {
			isa = PBXNativeTarget;
			buildConfigurationList = 428A877616D94FDA008377F3 /* Build configuration list for PBXNativeTarget "WeeSwipeView" */;
			buildPhases = (
				428A874C16D94FD9008377F3 /* Sources */,
				428A874D16D94FD9008377F3 /* Frameworks */,
				428A874E16D94FD9008377F3 /* Resources */,
			);
			buildRules = (
			);
			dependencies = (
			);
			name = WeeSwipeView;
			productName = WeeSwipeView;
			productReference = 428A875016D94FD9008377F3 /* WeeSwipeView.app */;
			productType = "com.apple.product-type.application";
		};
/* End PBXNativeTarget section */

/* Begin PBXProject section */
		428A874816D94FD9008377F3 /* Project object */ = {
			isa = PBXProject;
			attributes = {
				CLASSPREFIX = WW;
				LastUpgradeCheck = 0460;
				ORGANIZATIONNAME = "Wee Witthawaskul";
			};
			buildConfigurationList = 428A874B16D94FD9008377F3 /* Build configuration list for PBXProject "WeeSwipeView" */;
			compatibilityVersion = "Xcode 3.2";
			developmentRegion = English;
			hasScannedForEncodings = 0;
			knownRegions = (
				en,
			);
			mainGroup = 428A874716D94FD9008377F3;
			productRefGroup = 428A875116D94FD9008377F3 /* Products */;
			projectDirPath = "";
			projectRoot = "";
			targets = (
				428A874F16D94FD9008377F3 /* WeeSwipeView */,
			);
		};
/* End PBXProject section */

/* Begin PBXResourcesBuildPhase section */
		428A874E16D94FD9008377F3 /* Resources */ = {
			isa = PBXResourcesBuildPhase;
			buildActionMask = 2147483647;
			files = (
				428A875E16D94FD9008377F3 /* InfoPlist.strings in Resources */,
				428A876616D94FDA008377F3 /* Default.png in Resources */,
				428A876816D94FDA008377F3 /* Default@2x.png in Resources */,
				428A876A16D94FDA008377F3 /* Default-568h@2x.png in Resources */,
				428A877016D94FDA008377F3 /* WWViewController_iPhone.xib in Resources */,
				428A877316D94FDA008377F3 /* WWViewController_iPad.xib in Resources */,
				428A877D16D95194008377F3 /* 1.jpg in Resources */,
				428A877E16D95194008377F3 /* 2.jpg in Resources */,
				428A877F16D95194008377F3 /* 3.jpg in Resources */,
			);
			runOnlyForDeploymentPostprocessing = 0;
		};
/* End PBXResourcesBuildPhase section */

/* Begin PBXSourcesBuildPhase section */
		428A874C16D94FD9008377F3 /* Sources */ = {
			isa = PBXSourcesBuildPhase;
			buildActionMask = 2147483647;
			files = (
				428A876016D94FD9008377F3 /* main.m in Sources */,
				428A876416D94FD9008377F3 /* WWAppDelegate.m in Sources */,
				428A876D16D94FDA008377F3 /* WWViewController.m in Sources */,
				428A878316D952BB008377F3 /* WWSwipeViewController.m in Sources */,
				4253CD8016DA880C00935B2A /* WWScrollView.m in Sources */,
			);
			runOnlyForDeploymentPostprocessing = 0;
		};
/* End PBXSourcesBuildPhase section */

/* Begin PBXVariantGroup section */
		428A875C16D94FD9008377F3 /* InfoPlist.strings */ = {
			isa = PBXVariantGroup;
			children = (
				428A875D16D94FD9008377F3 /* en */,
			);
			name = InfoPlist.strings;
			sourceTree = "<group>";
		};
		428A876E16D94FDA008377F3 /* WWViewController_iPhone.xib */ = {
			isa = PBXVariantGroup;
			children = (
				428A876F16D94FDA008377F3 /* en */,
			);
			name = WWViewController_iPhone.xib;
			sourceTree = "<group>";
		};
		428A877116D94FDA008377F3 /* WWViewController_iPad.xib */ = {
			isa = PBXVariantGroup;
			children = (
				428A877216D94FDA008377F3 /* en */,
			);
			name = WWViewController_iPad.xib;
			sourceTree = "<group>";
		};
/* End PBXVariantGroup section */

/* Begin XCBuildConfiguration section */
		428A877416D94FDA008377F3 /* Debug */ = {
			isa = XCBuildConfiguration;
			buildSettings = {
				ALWAYS_SEARCH_USER_PATHS = NO;
				CLANG_CXX_LANGUAGE_STANDARD = "gnu++0x";
				CLANG_CXX_LIBRARY = "libc++";
				CLANG_ENABLE_OBJC_ARC = YES;
				CLANG_WARN_CONSTANT_CONVERSION = YES;
				CLANG_WARN_EMPTY_BODY = YES;
				CLANG_WARN_ENUM_CONVERSION = YES;
				CLANG_WARN_INT_CONVERSION = YES;
				CLANG_WARN__DUPLICATE_METHOD_MATCH = YES;
				"CODE_SIGN_IDENTITY[sdk=iphoneos*]" = "iPhone Developer";
				COPY_PHASE_STRIP = NO;
				GCC_C_LANGUAGE_STANDARD = gnu99;
				GCC_DYNAMIC_NO_PIC = NO;
				GCC_OPTIMIZATION_LEVEL = 0;
				GCC_PREPROCESSOR_DEFINITIONS = (
					"DEBUG=1",
					"$(inherited)",
				);
				GCC_SYMBOLS_PRIVATE_EXTERN = NO;
				GCC_WARN_ABOUT_RETURN_TYPE = YES;
				GCC_WARN_UNINITIALIZED_AUTOS = YES;
				GCC_WARN_UNUSED_VARIABLE = YES;
				IPHONEOS_DEPLOYMENT_TARGET = 5.1;
				ONLY_ACTIVE_ARCH = YES;
				SDKROOT = iphoneos;
				TARGETED_DEVICE_FAMILY = "1,2";
			};
			name = Debug;
		};
		428A877516D94FDA008377F3 /* Release */ = {
			isa = XCBuildConfiguration;
			buildSettings = {
				ALWAYS_SEARCH_USER_PATHS = NO;
				CLANG_CXX_LANGUAGE_STANDARD = "gnu++0x";
				CLANG_CXX_LIBRARY = "libc++";
				CLANG_ENABLE_OBJC_ARC = YES;
				CLANG_WARN_CONSTANT_CONVERSION = YES;
				CLANG_WARN_EMPTY_BODY = YES;
				CLANG_WARN_ENUM_CONVERSION = YES;
				CLANG_WARN_INT_CONVERSION = YES;
				CLANG_WARN__DUPLICATE_METHOD_MATCH = YES;
				"CODE_SIGN_IDENTITY[sdk=iphoneos*]" = "iPhone Developer";
				COPY_PHASE_STRIP = YES;
				GCC_C_LANGUAGE_STANDARD = gnu99;
				GCC_WARN_ABOUT_RETURN_TYPE = YES;
				GCC_WARN_UNINITIALIZED_AUTOS = YES;
				GCC_WARN_UNUSED_VARIABLE = YES;
				IPHONEOS_DEPLOYMENT_TARGET = 5.1;
				OTHER_CFLAGS = "-DNS_BLOCK_ASSERTIONS=1";
				SDKROOT = iphoneos;
				TARGETED_DEVICE_FAMILY = "1,2";
				VALIDATE_PRODUCT = YES;
			};
			name = Release;
		};
		428A877716D94FDA008377F3 /* Debug */ = {
			isa = XCBuildConfiguration;
			buildSettings = {
				GCC_PRECOMPILE_PREFIX_HEADER = YES;
				GCC_PREFIX_HEADER = "WeeSwipeView/WeeSwipeView-Prefix.pch";
				INFOPLIST_FILE = "WeeSwipeView/WeeSwipeView-Info.plist";
				PRODUCT_NAME = "$(TARGET_NAME)";
				WRAPPER_EXTENSION = app;
			};
			name = Debug;
		};
		428A877816D94FDA008377F3 /* Release */ = {
			isa = XCBuildConfiguration;
			buildSettings = {
				GCC_PRECOMPILE_PREFIX_HEADER = YES;
				GCC_PREFIX_HEADER = "WeeSwipeView/WeeSwipeView-Prefix.pch";
				INFOPLIST_FILE = "WeeSwipeView/WeeSwipeView-Info.plist";
				PRODUCT_NAME = "$(TARGET_NAME)";
				WRAPPER_EXTENSION = app;
			};
			name = Release;
		};
/* End XCBuildConfiguration section */

/* Begin XCConfigurationList section */
		428A874B16D94FD9008377F3 /* Build configuration list for PBXProject "WeeSwipeView" */ = {
			isa = XCConfigurationList;
			buildConfigurations = (
				428A877416D94FDA008377F3 /* Debug */,
				428A877516D94FDA008377F3 /* Release */,
			);
			defaultConfigurationIsVisible = 0;
			defaultConfigurationName = Release;
		};
		428A877616D94FDA008377F3 /* Build configuration list for PBXNativeTarget "WeeSwipeView" */ = {
			isa = XCConfigurationList;
			buildConfigurations = (
				428A877716D94FDA008377F3 /* Debug */,
				428A877816D94FDA008377F3 /* Release */,
			);
			defaultConfigurationIsVisible = 0;
			defaultConfigurationName = Release;
		};
/* End XCConfigurationList section */
	};
	rootObject = 428A874816D94FD9008377F3 /* Project object */;
}
